
Microsoft Visual Studio Solution File, Format Version 12.00
# Visual Studio 15
Project("{FAE04EC0-301F-11D3-BF4B-00C04F79EFBC}") = "UnityEngine.UI", "UnityEngine.UI.csproj", "{4F376EB6-8928-2E38-84C6-418429C8130B}"
EndProject
Project("{FAE04EC0-301F-11D3-BF4B-00C04F79EFBC}") = "UnityEngine.TestRunner", "UnityEngine.TestRunner.csproj", "{F40C506B-D0F3-100B-92A4-72FBF5647F95}"
EndProject
Project("{FAE04EC0-301F-11D3-BF4B-00C04F79EFBC}") = "Assembly-CSharp", "Assembly-CSharp.csproj", "{F9C0D562-4947-D9EB-070D-2C2F96E7C6F5}"
EndProject
Project("{FAE04EC0-301F-11D3-BF4B-00C04F79EFBC}") = "Unity.TextMeshPro", "Unity.TextMeshPro.csproj", "{3D17812D-F242-6389-8DBD-1523F58EDAB5}"
EndProject
Project("{FAE04EC0-301F-11D3-BF4B-00C04F79EFBC}") = "Unity.Timeline", "Unity.Timeline.csproj", "{ADDF88B2-6E67-9ECE-034F-56194C62B561}"
EndProject
Project("{FAE04EC0-301F-11D3-BF4B-00C04F79EFBC}") = "Assembly-CSharp-firstpass", "Assembly-CSharp-firstpass.csproj", "{48285CBF-ADC5-EA79-1B58-34FE3D8CA23B}"
EndProject
Project("{FAE04EC0-301F-11D3-BF4B-00C04F79EFBC}") = "UnityEditor.TestRunner", "UnityEditor.TestRunner.csproj", "{3863FB32-C3F9-F719-093E-26567B0CC9A8}"
EndProject
Project("{FAE04EC0-301F-11D3-BF4B-00C04F79EFBC}") = "Unity.TextMeshPro.Editor", "Unity.TextMeshPro.Editor.csproj", "{71A27208-7B95-0E50-E156-FDBE4FB4AA51}"
EndProject
Project("{FAE04EC0-301F-11D3-BF4B-00C04F79EFBC}") = "Unity.Timeline.Editor", "Unity.Timeline.Editor.csproj", "{9690DF3E-1670-8275-0EB5-B1F4D7B65793}"
EndProject
Project("{FAE04EC0-301F-11D3-BF4B-00C04F79EFBC}") = "Assembly-CSharp-Editor-firstpass", "Assembly-CSharp-Editor-firstpass.csproj", "{B2C21B84-1764-8B4D-A13B-B4DED7458809}"
EndProject
Project("{FAE04EC0-301F-11D3-BF4B-00C04F79EFBC}") = "UnityEditor.UI", "UnityEditor.UI.csproj", "{DC1A6548-EFD3-2EF2-06A9-47CAE0FF0D11}"
EndProject
Project("{FAE04EC0-301F-11D3-BF4B-00C04F79EFBC}") = "Unity.Rider.Editor", "Unity.Rider.Editor.csproj", "{E3C2B8A2-68B1-B4DF-8A54-F3C00B57899E}"
EndProject
Project("{FAE04EC0-301F-11D3-BF4B-00C04F79EFBC}") = "Unity.CollabProxy.Editor", "Unity.CollabProxy.Editor.csproj", "{608FA259-E853-2DBC-831E-B65AA3D94C27}"
EndProject
Project("{FAE04EC0-301F-11D3-BF4B-00C04F79EFBC}") = "Unity.VSCode.Editor", "Unity.VSCode.Editor.csproj", "{A6D5F6E3-A2B7-69D2-3DC0-A5B7A10C0050}"
EndProject
Project("{FAE04EC0-301F-11D3-BF4B-00C04F79EFBC}") = "Assembly-CSharp-Editor", "Assembly-CSharp-Editor.csproj", "{CE861796-F33E-BF07-733A-E2CB7D587646}"
EndProject
Project("{FAE04EC0-301F-11D3-BF4B-00C04F79EFBC}") = "Assembly-CSharp.Player", "Assembly-CSharp.Player.csproj", "{6066E543-6188-A440-E372-875A7F02E00F}"
EndProject
Project("{FAE04EC0-301F-11D3-BF4B-00C04F79EFBC}") = "Assembly-CSharp-firstpass.Player", "Assembly-CSharp-firstpass.Player.csproj", "{364C0DD2-A082-40DD-CC05-0AB4FD19B1DE}"
EndProject
Global
	GlobalSection(SolutionConfigurationPlatforms) = preSolution
		Debug|Any CPU = Debug|Any CPU
		Release|Any CPU = Release|Any CPU
	EndGlobalSection
	GlobalSection(ProjectConfigurationPlatforms) = postSolution
		{4F376EB6-8928-2E38-84C6-418429C8130B}.Debug|Any CPU.ActiveCfg = Debug|Any CPU
		{4F376EB6-8928-2E38-84C6-418429C8130B}.Debug|Any CPU.Build.0 = Debug|Any CPU
		{4F376EB6-8928-2E38-84C6-418429C8130B}.Release|Any CPU.ActiveCfg = Release|Any CPU
		{4F376EB6-8928-2E38-84C6-418429C8130B}.Release|Any CPU.Build.0 = Release|Any CPU
		{F40C506B-D0F3-100B-92A4-72FBF5647F95}.Debug|Any CPU.ActiveCfg = Debug|Any CPU
		{F40C506B-D0F3-100B-92A4-72FBF5647F95}.Debug|Any CPU.Build.0 = Debug|Any CPU
		{F40C506B-D0F3-100B-92A4-72FBF5647F95}.Release|Any CPU.ActiveCfg = Release|Any CPU
		{F40C506B-D0F3-100B-92A4-72FBF5647F95}.Release|Any CPU.Build.0 = Release|Any CPU
		{F9C0D562-4947-D9EB-070D-2C2F96E7C6F5}.Debug|Any CPU.ActiveCfg = Debug|Any CPU
		{F9C0D562-4947-D9EB-070D-2C2F96E7C6F5}.Debug|Any CPU.Build.0 = Debug|Any CPU
		{F9C0D562-4947-D9EB-070D-2C2F96E7C6F5}.Release|Any CPU.ActiveCfg = Release|Any CPU
		{F9C0D562-4947-D9EB-070D-2C2F96E7C6F5}.Release|Any CPU.Build.0 = Release|Any CPU
		{3D17812D-F242-6389-8DBD-1523F58EDAB5}.Debug|Any CPU.ActiveCfg = Debug|Any CPU
		{3D17812D-F242-6389-8DBD-1523F58EDAB5}.Debug|Any CPU.Build.0 = Debug|Any CPU
		{3D17812D-F242-6389-8DBD-1523F58EDAB5}.Release|Any CPU.ActiveCfg = Release|Any CPU
		{3D17812D-F242-6389-8DBD-1523F58EDAB5}.Release|Any CPU.Build.0 = Release|Any CPU
		{ADDF88B2-6E67-9ECE-034F-56194C62B561}.Debug|Any CPU.ActiveCfg = Debug|Any CPU
		{ADDF88B2-6E67-9ECE-034F-56194C62B561}.Debug|Any CPU.Build.0 = Debug|Any CPU
		{ADDF88B2-6E67-9ECE-034F-56194C62B561}.Release|Any CPU.ActiveCfg = Release|Any CPU
		{ADDF88B2-6E67-9ECE-034F-56194C62B561}.Release|Any CPU.Build.0 = Release|Any CPU
		{48285CBF-ADC5-EA79-1B58-34FE3D8CA23B}.Debug|Any CPU.ActiveCfg = Debug|Any CPU
		{48285CBF-ADC5-EA79-1B58-34FE3D8CA23B}.Debug|Any CPU.Build.0 = Debug|Any CPU
		{48285CBF-ADC5-EA79-1B58-34FE3D8CA23B}.Release|Any CPU.ActiveCfg = Release|Any CPU
		{48285CBF-ADC5-EA79-1B58-34FE3D8CA23B}.Release|Any CPU.Build.0 = Release|Any CPU
		{3863FB32-C3F9-F719-093E-26567B0CC9A8}.Debug|Any CPU.ActiveCfg = Debug|Any CPU
		{3863FB32-C3F9-F719-093E-26567B0CC9A8}.Debug|Any CPU.Build.0 = Debug|Any CPU
		{3863FB32-C3F9-F719-093E-26567B0CC9A8}.Release|Any CPU.ActiveCfg = Release|Any CPU
		{3863FB32-C3F9-F719-093E-26567B0CC9A8}.Release|Any CPU.Build.0 = Release|Any CPU
		{71A27208-7B95-0E50-E156-FDBE4FB4AA51}.Debug|Any CPU.ActiveCfg = Debug|Any CPU
		{71A27208-7B95-0E50-E156-FDBE4FB4AA51}.Debug|Any CPU.Build.0 = Debug|Any CPU
		{71A27208-7B95-0E50-E156-FDBE4FB4AA51}.Release|Any CPU.ActiveCfg = Release|Any CPU
		{71A27208-7B95-0E50-E156-FDBE4FB4AA51}.Release|Any CPU.Build.0 = Release|Any CPU
		{9690DF3E-1670-8275-0EB5-B1F4D7B65793}.Debug|Any CPU.ActiveCfg = Debug|Any CPU
		{9690DF3E-1670-8275-0EB5-B1F4D7B65793}.Debug|Any CPU.Build.0 = Debug|Any CPU
		{9690DF3E-1670-8275-0EB5-B1F4D7B65793}.Release|Any CPU.ActiveCfg = Release|Any CPU
		{9690DF3E-1670-8275-0EB5-B1F4D7B65793}.Release|Any CPU.Build.0 = Release|Any CPU
		{B2C21B84-1764-8B4D-A13B-B4DED7458809}.Debug|Any CPU.ActiveCfg = Debug|Any CPU
		{B2C21B84-1764-8B4D-A13B-B4DED7458809}.Debug|Any CPU.Build.0 = Debug|Any CPU
		{B2C21B84-1764-8B4D-A13B-B4DED7458809}.Release|Any CPU.ActiveCfg = Release|Any CPU
		{B2C21B84-1764-8B4D-A13B-B4DED7458809}.Release|Any CPU.Build.0 = Release|Any CPU
		{DC1A6548-EFD3-2EF2-06A9-47CAE0FF0D11}.Debug|Any CPU.ActiveCfg = Debug|Any CPU
		{DC1A6548-EFD3-2EF2-06A9-47CAE0FF0D11}.Debug|Any CPU.Build.0 = Debug|Any CPU
		{DC1A6548-EFD3-2EF2-06A9-47CAE0FF0D11}.Release|Any CPU.ActiveCfg = Release|Any CPU
		{DC1A6548-EFD3-2EF2-06A9-47CAE0FF0D11}.Release|Any CPU.Build.0 = Release|Any CPU
		{E3C2B8A2-68B1-B4DF-8A54-F3C00B57899E}.Debug|Any CPU.ActiveCfg = Debug|Any CPU
		{E3C2B8A2-68B1-B4DF-8A54-F3C00B57899E}.Debug|Any CPU.Build.0 = Debug|Any CPU
		{E3C2B8A2-68B1-B4DF-8A54-F3C00B57899E}.Release|Any CPU.ActiveCfg = Release|Any CPU
		{E3C2B8A2-68B1-B4DF-8A54-F3C00B57899E}.Release|Any CPU.Build.0 = Release|Any CPU
		{608FA259-E853-2DBC-831E-B65AA3D94C27}.Debug|Any CPU.ActiveCfg = Debug|Any CPU
		{608FA259-E853-2DBC-831E-B65AA3D94C27}.Debug|Any CPU.Build.0 = Debug|Any CPU
		{608FA259-E853-2DBC-831E-B65AA3D94C27}.Release|Any CPU.ActiveCfg = Release|Any CPU
		{608FA259-E853-2DBC-831E-B65AA3D94C27}.Release|Any CPU.Build.0 = Release|Any CPU
		{A6D5F6E3-A2B7-69D2-3DC0-A5B7A10C0050}.Debug|Any CPU.ActiveCfg = Debug|Any CPU
		{A6D5F6E3-A2B7-69D2-3DC0-A5B7A10C0050}.Debug|Any CPU.Build.0 = Debug|Any CPU
		{A6D5F6E3-A2B7-69D2-3DC0-A5B7A10C0050}.Release|Any CPU.ActiveCfg = Release|Any CPU
		{A6D5F6E3-A2B7-69D2-3DC0-A5B7A10C0050}.Release|Any CPU.Build.0 = Release|Any CPU
		{CE861796-F33E-BF07-733A-E2CB7D587646}.Debug|Any CPU.ActiveCfg = Debug|Any CPU
		{CE861796-F33E-BF07-733A-E2CB7D587646}.Debug|Any CPU.Build.0 = Debug|Any CPU
		{CE861796-F33E-BF07-733A-E2CB7D587646}.Release|Any CPU.ActiveCfg = Release|Any CPU
		{CE861796-F33E-BF07-733A-E2CB7D587646}.Release|Any CPU.Build.0 = Release|Any CPU
		{6066E543-6188-A440-E372-875A7F02E00F}.Debug|Any CPU.ActiveCfg = Debug|Any CPU
		{6066E543-6188-A440-E372-875A7F02E00F}.Debug|Any CPU.Build.0 = Debug|Any CPU
		{6066E543-6188-A440-E372-875A7F02E00F}.Release|Any CPU.ActiveCfg = Release|Any CPU
		{6066E543-6188-A440-E372-875A7F02E00F}.Release|Any CPU.Build.0 = Release|Any CPU
		{364C0DD2-A082-40DD-CC05-0AB4FD19B1DE}.Debug|Any CPU.ActiveCfg = Debug|Any CPU
		{364C0DD2-A082-40DD-CC05-0AB4FD19B1DE}.Debug|Any CPU.Build.0 = Debug|Any CPU
		{364C0DD2-A082-40DD-CC05-0AB4FD19B1DE}.Release|Any CPU.ActiveCfg = Release|Any CPU
		{364C0DD2-A082-40DD-CC05-0AB4FD19B1DE}.Release|Any CPU.Build.0 = Release|Any CPU
	EndGlobalSection
	GlobalSection(SolutionProperties) = preSolution
		HideSolutionNode = FALSE
	EndGlobalSection
EndGlobal
